
Microsoft Visual Studio Solution File, Format Version 12.00
# Visual Studio Version 17
VisualStudioVersion = 17.2.32516.85
MinimumVisualStudioVersion = 10.0.40219.1
Project("{9A19103F-16F7-4668-BE54-9A1E7A4F7556}") = "CompanyEmployees", "CompanyEmployees.csproj", "{534DE0E0-526D-4726-98B3-4823B138F0F2}"
EndProject
Project("{9A19103F-16F7-4668-BE54-9A1E7A4F7556}") = "Contracts", "Dependent Projects\Contracts\Contracts.csproj", "{F44A8863-F0D8-4666-A5BA-BE8EE9CA6690}"
EndProject
Project("{9A19103F-16F7-4668-BE54-9A1E7A4F7556}") = "Entities", "Dependent Projects\Entities\Entities.csproj", "{ED6CD785-A6B4-4C19-AC16-C1F076985A14}"
EndProject
Project("{9A19103F-16F7-4668-BE54-9A1E7A4F7556}") = "LoggerService", "Dependent Projects\LoggerService\LoggerService.csproj", "{9853F2FD-207F-402B-AB07-BC5C8F66419C}"
EndProject
Project("{9A19103F-16F7-4668-BE54-9A1E7A4F7556}") = "Repository", "Dependent Projects\Repository\Repository.csproj", "{BA51E0AB-B1E0-4A58-8ABA-EFD5316B803E}"
EndProject
Project("{9A19103F-16F7-4668-BE54-9A1E7A4F7556}") = "Service", "Dependent Projects\Service\Service.csproj", "{5EE04257-835A-4AF5-B1D1-B934001C562E}"
EndProject
Project("{9A19103F-16F7-4668-BE54-9A1E7A4F7556}") = "Service.Contracts", "Dependent Projects\Service.Contracts\Service.Contracts.csproj", "{3AA53C33-2EF5-4223-864F-9B6F5A25760D}"
EndProject
Project("{9A19103F-16F7-4668-BE54-9A1E7A4F7556}") = "Shared", "Dependent Projects\Shared\Shared.csproj", "{662D1CB2-E025-4E8C-B615-67D88EE5A9A3}"
EndProject
Global
	GlobalSection(SolutionConfigurationPlatforms) = preSolution
		Debug|Any CPU = Debug|Any CPU
		Release|Any CPU = Release|Any CPU
	EndGlobalSection
	GlobalSection(ProjectConfigurationPlatforms) = postSolution
		{534DE0E0-526D-4726-98B3-4823B138F0F2}.Debug|Any CPU.ActiveCfg = Debug|Any CPU
		{534DE0E0-526D-4726-98B3-4823B138F0F2}.Debug|Any CPU.Build.0 = Debug|Any CPU
		{534DE0E0-526D-4726-98B3-4823B138F0F2}.Release|Any CPU.ActiveCfg = Release|Any CPU
		{534DE0E0-526D-4726-98B3-4823B138F0F2}.Release|Any CPU.Build.0 = Release|Any CPU
		{F44A8863-F0D8-4666-A5BA-BE8EE9CA6690}.Debug|Any CPU.ActiveCfg = Debug|Any CPU
		{F44A8863-F0D8-4666-A5BA-BE8EE9CA6690}.Debug|Any CPU.Build.0 = Debug|Any CPU
		{F44A8863-F0D8-4666-A5BA-BE8EE9CA6690}.Release|Any CPU.ActiveCfg = Release|Any CPU
		{F44A8863-F0D8-4666-A5BA-BE8EE9CA6690}.Release|Any CPU.Build.0 = Release|Any CPU
		{ED6CD785-A6B4-4C19-AC16-C1F076985A14}.Debug|Any CPU.ActiveCfg = Debug|Any CPU
		{ED6CD785-A6B4-4C19-AC16-C1F076985A14}.Debug|Any CPU.Build.0 = Debug|Any CPU
		{ED6CD785-A6B4-4C19-AC16-C1F076985A14}.Release|Any CPU.ActiveCfg = Release|Any CPU
		{ED6CD785-A6B4-4C19-AC16-C1F076985A14}.Release|Any CPU.Build.0 = Release|Any CPU
		{9853F2FD-207F-402B-AB07-BC5C8F66419C}.Debug|Any CPU.ActiveCfg = Debug|Any CPU
		{9853F2FD-207F-402B-AB07-BC5C8F66419C}.Debug|Any CPU.Build.0 = Debug|Any CPU
		{9853F2FD-207F-402B-AB07-BC5C8F66419C}.Release|Any CPU.ActiveCfg = Release|Any CPU
		{9853F2FD-207F-402B-AB07-BC5C8F66419C}.Release|Any CPU.Build.0 = Release|Any CPU
		{BA51E0AB-B1E0-4A58-8ABA-EFD5316B803E}.Debug|Any CPU.ActiveCfg = Debug|Any CPU
		{BA51E0AB-B1E0-4A58-8ABA-EFD5316B803E}.Debug|Any CPU.Build.0 = Debug|Any CPU
		{BA51E0AB-B1E0-4A58-8ABA-EFD5316B803E}.Release|Any CPU.ActiveCfg = Release|Any CPU
		{BA51E0AB-B1E0-4A58-8ABA-EFD5316B803E}.Release|Any CPU.Build.0 = Release|Any CPU
		{5EE04257-835A-4AF5-B1D1-B934001C562E}.Debug|Any CPU.ActiveCfg = Debug|Any CPU
		{5EE04257-835A-4AF5-B1D1-B934001C562E}.Debug|Any CPU.Build.0 = Debug|Any CPU
		{5EE04257-835A-4AF5-B1D1-B934001C562E}.Release|Any CPU.ActiveCfg = Release|Any CPU
		{5EE04257-835A-4AF5-B1D1-B934001C562E}.Release|Any CPU.Build.0 = Release|Any CPU
		{3AA53C33-2EF5-4223-864F-9B6F5A25760D}.Debug|Any CPU.ActiveCfg = Debug|Any CPU
		{3AA53C33-2EF5-4223-864F-9B6F5A25760D}.Debug|Any CPU.Build.0 = Debug|Any CPU
		{3AA53C33-2EF5-4223-864F-9B6F5A25760D}.Release|Any CPU.ActiveCfg = Release|Any CPU
		{3AA53C33-2EF5-4223-864F-9B6F5A25760D}.Release|Any CPU.Build.0 = Release|Any CPU
		{662D1CB2-E025-4E8C-B615-67D88EE5A9A3}.Debug|Any CPU.ActiveCfg = Debug|Any CPU
		{662D1CB2-E025-4E8C-B615-67D88EE5A9A3}.Debug|Any CPU.Build.0 = Debug|Any CPU
		{662D1CB2-E025-4E8C-B615-67D88EE5A9A3}.Release|Any CPU.ActiveCfg = Release|Any CPU
		{662D1CB2-E025-4E8C-B615-67D88EE5A9A3}.Release|Any CPU.Build.0 = Release|Any CPU
	EndGlobalSection
	GlobalSection(SolutionProperties) = preSolution
		HideSolutionNode = FALSE
	EndGlobalSection
	GlobalSection(ExtensibilityGlobals) = postSolution
		SolutionGuid = {7EF52F3A-D1E4-4605-B061-C90D7112F2B5}
	EndGlobalSection
EndGlobal
